
Microsoft Visual Studio Solution File, Format Version 12.00
# Visual Studio Version 17
VisualStudioVersion = 17.0.32014.148
MinimumVisualStudioVersion = 10.0.40219.1
Project("{FAE04EC0-301F-11D3-BF4B-00C04F79EFBC}") = "SampleWebApi-11", "SampleWebApi-11.csproj", "{F5E55788-112F-43E0-99E8-011EF7D843AE}"
EndProject
Project("{FAE04EC0-301F-11D3-BF4B-00C04F79EFBC}") = "classADO-11", "..\classADO-11\classADO-11.csproj", "{FB1BC5A7-CD58-4811-B631-157AF31DB7C1}"
EndProject
Global
	GlobalSection(SolutionConfigurationPlatforms) = preSolution
		Debug|Any CPU = Debug|Any CPU
		Release|Any CPU = Release|Any CPU
	EndGlobalSection
	GlobalSection(ProjectConfigurationPlatforms) = postSolution
		{F5E55788-112F-43E0-99E8-011EF7D843AE}.Debug|Any CPU.ActiveCfg = Debug|Any CPU
		{F5E55788-112F-43E0-99E8-011EF7D843AE}.Debug|Any CPU.Build.0 = Debug|Any CPU
		{F5E55788-112F-43E0-99E8-011EF7D843AE}.Release|Any CPU.ActiveCfg = Release|Any CPU
		{F5E55788-112F-43E0-99E8-011EF7D843AE}.Release|Any CPU.Build.0 = Release|Any CPU
		{FB1BC5A7-CD58-4811-B631-157AF31DB7C1}.Debug|Any CPU.ActiveCfg = Debug|Any CPU
		{FB1BC5A7-CD58-4811-B631-157AF31DB7C1}.Debug|Any CPU.Build.0 = Debug|Any CPU
		{FB1BC5A7-CD58-4811-B631-157AF31DB7C1}.Release|Any CPU.ActiveCfg = Release|Any CPU
		{FB1BC5A7-CD58-4811-B631-157AF31DB7C1}.Release|Any CPU.Build.0 = Release|Any CPU
	EndGlobalSection
	GlobalSection(SolutionProperties) = preSolution
		HideSolutionNode = FALSE
	EndGlobalSection
	GlobalSection(ExtensibilityGlobals) = postSolution
		SolutionGuid = {72182B98-3AC9-4B23-AAEA-E1634592B098}
	EndGlobalSection
EndGlobal
